
Microsoft Visual Studio Solution File, Format Version 12.00
# Visual Studio 15
Project("{FAE04EC0-301F-11D3-BF4B-00C04F79EFBC}") = "Assembly-CSharp", "Assembly-CSharp.csproj", "{CFD7FF3F-F2AC-93D2-BA47-49E80C974322}"
EndProject
Project("{FAE04EC0-301F-11D3-BF4B-00C04F79EFBC}") = "Assembly-CSharp-Editor", "Assembly-CSharp-Editor.csproj", "{724D7256-CF04-B1AA-2A30-A1B486BFA668}"
EndProject
Global
	GlobalSection(SolutionConfigurationPlatforms) = preSolution
		Debug|Any CPU = Debug|Any CPU
		Release|Any CPU = Release|Any CPU
	EndGlobalSection
	GlobalSection(ProjectConfigurationPlatforms) = postSolution
		{CFD7FF3F-F2AC-93D2-BA47-49E80C974322}.Debug|Any CPU.ActiveCfg = Debug|Any CPU
		{CFD7FF3F-F2AC-93D2-BA47-49E80C974322}.Debug|Any CPU.Build.0 = Debug|Any CPU
		{CFD7FF3F-F2AC-93D2-BA47-49E80C974322}.Release|Any CPU.ActiveCfg = Release|Any CPU
		{CFD7FF3F-F2AC-93D2-BA47-49E80C974322}.Release|Any CPU.Build.0 = Release|Any CPU
		{724D7256-CF04-B1AA-2A30-A1B486BFA668}.Debug|Any CPU.ActiveCfg = Debug|Any CPU
		{724D7256-CF04-B1AA-2A30-A1B486BFA668}.Debug|Any CPU.Build.0 = Debug|Any CPU
		{724D7256-CF04-B1AA-2A30-A1B486BFA668}.Release|Any CPU.ActiveCfg = Release|Any CPU
		{724D7256-CF04-B1AA-2A30-A1B486BFA668}.Release|Any CPU.Build.0 = Release|Any CPU
	EndGlobalSection
	GlobalSection(SolutionProperties) = preSolution
		HideSolutionNode = FALSE
	EndGlobalSection
EndGlobal
